{
  "agent": "Agent 1",
  "operation": "P2P Network Cleanup",
  "timestamp": "2025-08-11T22:20:00Z",
  "files": [
    "multi-device-coordinator.js",
    "device-client.js",
    "nokia-c110-config.json"
  ],
  "processes": [
    96518,
    97171,
    102481
  ],
  "priority": "HIGH",
  "network_safety": "MAINTAINING_OPERATIONAL_NETWORK"
}
