{
  "agent": "Agent 3",
  "operation": "Documentation Structure Optimization",
  "timestamp": "2025-08-11T22:25:00Z",
  "files": [
    "*.md",
    "docs/**",
    "README files",
    "EXECUTIVE_ANALYSIS_SUMMARY.md"
  ],
  "priority": "MEDIUM",
  "coordination_with": ["Agent 1", "Agent 2"],
  "focus": "UNIFIED_DOCUMENTATION"
}
