{
  "agent": "Agent 2",
  "operation": "Sacred Geometry MCP Server Optimization",
  "timestamp": "2025-08-11T22:25:00Z",
  "files": [
    "autonomous-observer/mcp-integration/sacred-geometry-mcp-server.ts",
    "autonomous-observer/sacred-geometry-harmony/**",
    "*knowledge*",
    "*trie*"
  ],
  "priority": "HIGH",
  "coordination_with": ["Agent 1"],
  "focus": "MCP_SERVER_ENHANCEMENT"
}
