{
  "file": "P2P Network Organization",
  "agent": "Agent 1: Sacred Truth P2P",
  "timestamp": "2025-08-11T22:30:00Z",
  "operation": "File organization and cleanup",
  "estimated_duration": "20 minutes",
  "description": "Organizing P2P network files, removing duplicates, maintaining operational network"
}
