{
  "agent": "Agent 4",
  "operation": "DPO Marketplace Architecture Optimization",
  "timestamp": "2025-08-11T22:25:00Z",
  "files": [
    "dpo-marketplace-*",
    "DPO_*",
    "integration systems"
  ],
  "priority": "MEDIUM",
  "coordination_with": ["Agent 1", "Agent 2", "Agent 3"],
  "focus": "MARKETPLACE_INTEGRATION"
}
